{
  "requires": true,
  "lockfileVersion": 1,
  "dependencies": {
    "@types/angular": {
      "version": "1.6.34",
      "resolved": "https://registry.npmjs.org/@types/angular/-/angular-1.6.34.tgz",
      "integrity": "sha1-BQFP/LAoizYFYFi0yd2p7fWAv0w="
    },
    "@types/angular-local-storage": {
      "version": "0.1.35",
      "resolved": "https://registry.npmjs.org/@types/angular-local-storage/-/angular-local-storage-0.1.35.tgz",
      "integrity": "sha1-Kn781Men+VGfcjunA7V7spaMmRk=",
      "requires": {
        "@types/angular": "*"
      }
    },
    "@types/angular-route": {
      "version": "1.3.4",
      "resolved": "https://registry.npmjs.org/@types/angular-route/-/angular-route-1.3.4.tgz",
      "integrity": "sha1-ENP36zE/uKS4MgQflAGGmAPc1N8=",
      "requires": {
        "@types/angular": "*"
      }
    },
    "@types/angular-ui-bootstrap": {
      "version": "0.13.46",
      "resolved": "https://registry.npmjs.org/@types/angular-ui-bootstrap/-/angular-ui-bootstrap-0.13.46.tgz",
      "integrity": "sha1-Z7K8KAHNrsUVVnhAydgsxknDRlY=",
      "requires": {
        "@types/angular": "*"
      }
    },
    "@types/bootstrap": {
      "version": "3.3.36",
      "resolved": "https://registry.npmjs.org/@types/bootstrap/-/bootstrap-3.3.36.tgz",
      "integrity": "sha1-XKC4FlVCc5j+fIcovM3DlQaQk9A=",
      "requires": {
        "@types/jquery": "*"
      }
    },
    "@types/fastclick": {
      "version": "1.0.28",
      "resolved": "https://registry.npmjs.org/@types/fastclick/-/fastclick-1.0.28.tgz",
      "integrity": "sha1-20s/bweSNTJLJkM44in5zdmKbE4="
    },
    "@types/jquery": {
      "version": "2.0.48",
      "resolved": "https://registry.npmjs.org/@types/jquery/-/jquery-2.0.48.tgz",
      "integrity": "sha1-PpDYzeLSkBXlWDAX94MMs5dbLu8="
    },
    "@types/lodash": {
      "version": "4.14.77",
      "resolved": "https://registry.npmjs.org/@types/lodash/-/lodash-4.14.77.tgz",
      "integrity": "sha1-C8aZQT6E1u1dknyjDqDwqJC0LXU="
    },
    "@types/modernizr": {
      "version": "3.5.1",
      "resolved": "https://registry.npmjs.org/@types/modernizr/-/modernizr-3.5.1.tgz",
      "integrity": "sha1-ohIyFuEhOAcfsUWID3X29LM+gGk="
    },
    "@types/moment": {
      "version": "2.13.0",
      "resolved": "https://registry.npmjs.org/@types/moment/-/moment-2.13.0.tgz",
      "integrity": "sha1-YE69GJvDvDShVIaJQE5hoqSqyJY=",
      "requires": {
        "moment": "*"
      }
    },
    "@types/nprogress": {
      "version": "0.0.29",
      "resolved": "https://registry.npmjs.org/@types/nprogress/-/nprogress-0.0.29.tgz",
      "integrity": "sha1-BgvVEAIqAF8YQCNAMNMTL7kZVHE="
    },
    "@types/rx-core": {
      "version": "4.0.3",
      "resolved": "https://registry.npmjs.org/@types/rx-core/-/rx-core-4.0.3.tgz",
      "integrity": "sha1-CzNUsSOM7b4rdPYybxOdvHpZHWA="
    },
    "@types/rx-core-binding": {
      "version": "4.0.4",
      "resolved": "https://registry.npmjs.org/@types/rx-core-binding/-/rx-core-binding-4.0.4.tgz",
      "integrity": "sha512-5pkfxnC4w810LqBPUwP5bg7SFR/USwhMSaAeZQQbEHeBp57pjKXRlXmqpMrLJB4y1oglR/c2502853uN0I+DAQ==",
      "requires": {
        "@types/rx-core": "*"
      }
    },
    "@types/rx-lite": {
      "version": "4.0.4",
      "resolved": "https://registry.npmjs.org/@types/rx-lite/-/rx-lite-4.0.4.tgz",
      "integrity": "sha1-cQ6/idCi1ZbCEEfZGxJCvO9Rwws=",
      "requires": {
        "@types/rx-core": "*",
        "@types/rx-core-binding": "*"
      }
    },
    "@types/service_worker_api": {
      "version": "0.0.9",
      "resolved": "https://registry.npmjs.org/@types/service_worker_api/-/service_worker_api-0.0.9.tgz",
      "integrity": "sha1-cmn/L6DifiOjiiLokJU09jgj3ug=",
      "requires": {
        "@types/whatwg-fetch": "*"
      }
    },
    "@types/tinycolor": {
      "version": "1.1.27",
      "resolved": "https://registry.npmjs.org/@types/tinycolor/-/tinycolor-1.1.27.tgz",
      "integrity": "sha1-0B0FpoHQziiSOwIdXz11LqBHgIk="
    },
    "@types/whatwg-fetch": {
      "version": "0.0.33",
      "resolved": "https://registry.npmjs.org/@types/whatwg-fetch/-/whatwg-fetch-0.0.33.tgz",
      "integrity": "sha1-GcDShjyMsjgPIaHHNrecv3iVuxM=",
      "requires": {
        "@types/whatwg-streams": "*"
      }
    },
    "@types/whatwg-streams": {
      "version": "3.2.1",
      "resolved": "https://registry.npmjs.org/@types/whatwg-streams/-/whatwg-streams-3.2.1.tgz",
      "integrity": "sha512-Syv05sRL25b8cC8tqgXSQgLZZmqGq2GO+NafrtHbjPJccP6gWBXmHvo2Trw3AWXQ4QLIkVuOB7uStCuhzswyiw==",
      "requires": {
        "whatwg-streams": "*"
      }
    },
    "bluebird": {
      "version": "1.0.8",
      "resolved": "https://registry.npmjs.org/bluebird/-/bluebird-1.0.8.tgz",
      "integrity": "sha1-hRx4JebM5Z5LQ93pXVdLiGdUY/w="
    },
    "deep-equal": {
      "version": "0.1.2",
      "resolved": "https://registry.npmjs.org/deep-equal/-/deep-equal-0.1.2.tgz",
      "integrity": "sha1-skbCuApXCkfBG+HZvRBw7IeLh84="
    },
    "defined": {
      "version": "0.0.0",
      "resolved": "https://registry.npmjs.org/defined/-/defined-0.0.0.tgz",
      "integrity": "sha1-817qfXBekzuvE7LwOz+D2SFAOz4="
    },
    "inherits": {
      "version": "2.0.4",
      "resolved": "https://registry.npmjs.org/inherits/-/inherits-2.0.4.tgz",
      "integrity": "sha512-k/vGaX4/Yla3WzyMCvTQOXYeIHvqOKtnqBduzTHpzpQZzAskKMhZ2K+EnBiSM9zGSoIFeMpXKxa4dYeZIQqewQ=="
    },
    "jsonify": {
      "version": "0.0.0",
      "resolved": "https://registry.npmjs.org/jsonify/-/jsonify-0.0.0.tgz",
      "integrity": "sha1-LHS27kHZPKUbe1qu6PUDYx0lKnM="
    },
    "moment": {
      "version": "2.19.1",
      "resolved": "https://registry.npmjs.org/moment/-/moment-2.19.1.tgz",
      "integrity": "sha1-VtoaLRy/AdOLfhr8McELz6GSkWc="
    },
    "resumer": {
      "version": "0.0.0",
      "resolved": "https://registry.npmjs.org/resumer/-/resumer-0.0.0.tgz",
      "integrity": "sha1-8ej0YeQGS6Oegq883CqMiT0HZ1k=",
      "requires": {
        "through": "~2.3.4"
      }
    },
    "tape": {
      "version": "2.3.3",
      "resolved": "https://registry.npmjs.org/tape/-/tape-2.3.3.tgz",
      "integrity": "sha1-Lnzgox3wn41oUWZKcYQuDKUFevc=",
      "requires": {
        "deep-equal": "~0.1.0",
        "defined": "~0.0.0",
        "inherits": "~2.0.1",
        "jsonify": "~0.0.0",
        "resumer": "~0.0.0",
        "through": "~2.3.4"
      }
    },
    "through": {
      "version": "2.3.8",
      "resolved": "https://registry.npmjs.org/through/-/through-2.3.8.tgz",
      "integrity": "sha1-DdTJ/6q8NXlgsbckEV1+Doai4fU="
    },
    "whatwg-streams": {
      "version": "0.1.1",
      "resolved": "https://registry.npmjs.org/whatwg-streams/-/whatwg-streams-0.1.1.tgz",
      "integrity": "sha1-3VV1yWW84T2nbcDdSVYpqHVy504=",
      "requires": {
        "bluebird": "~1.0.0",
        "tape": "~2.3.2"
      }
    }
  }
}
