{
  "name": "chavah.netcore",
  "version": "1.0.0",
  "lockfileVersion": 1,
  "requires": true,
  "dependencies": {
    "@types/angular": {
      "version": "1.6.39",
      "resolved": "https://registry.npmjs.org/@types/angular/-/angular-1.6.39.tgz",
      "integrity": "sha512-fRj26foAwYbjOwnGSpIaY05+jRxZevHWwzcSrQIsJgh5Xrosbu4fX99+obJH4YFFS8+EkYRwsSpf2vpVddSNVw==",
      "dev": true
    },
    "@types/angular-animate": {
      "version": "1.5.9",
      "resolved": "https://registry.npmjs.org/@types/angular-animate/-/angular-animate-1.5.9.tgz",
      "integrity": "sha512-kRUrLBKCBNQQUMGf4OIEe3MchzWVVyLFvRDkQ4f3aUc+FAUabRmQeATRY8CZpSD7Lcw3efKIKzWsmm7Aenfy5A==",
      "dev": true,
      "requires": {
        "@types/angular": "1.6.39"
      }
    },
    "@types/angular-local-storage": {
      "version": "0.1.35",
      "resolved": "https://registry.npmjs.org/@types/angular-local-storage/-/angular-local-storage-0.1.35.tgz",
      "integrity": "sha512-V39Z62DSROzhzqCvP/lB3wdmdUDduuRS8+rODF5S04Ghu33HNn/ZLRkkDW28x4w6jTp8F1REU39L+SI4P9abBA==",
      "dev": true,
      "requires": {
        "@types/angular": "1.6.39"
      }
    },
    "@types/angular-route": {
      "version": "1.3.4",
      "resolved": "https://registry.npmjs.org/@types/angular-route/-/angular-route-1.3.4.tgz",
      "integrity": "sha512-92OQR2FmH4whfVfvCZmZYkih8zKlRBXgsgs39dUv3YlVsjRgjByweMFA8N2Qh9zpDul5gQCFvQCajGrYqxyn4A==",
      "dev": true,
      "requires": {
        "@types/angular": "1.6.39"
      }
    },
    "@types/angular-ui-bootstrap": {
      "version": "0.13.46",
      "resolved": "https://registry.npmjs.org/@types/angular-ui-bootstrap/-/angular-ui-bootstrap-0.13.46.tgz",
      "integrity": "sha512-yJRDZjjo8zRKktJhD0DS9kYAnhmdZgZibGZQRjDuYKQ8Nzp+SbzT1XuMg9c3dTWcNfJW27nSxme1j6DXGaEDqg==",
      "dev": true,
      "requires": {
        "@types/angular": "1.6.39"
      }
    },
    "@types/bootstrap": {
      "version": "3.3.36",
      "resolved": "https://registry.npmjs.org/@types/bootstrap/-/bootstrap-3.3.36.tgz",
      "integrity": "sha512-Ox4QismJMkIIEx800Potvor1PCFg/VldUkmWBARw33mcJejLfXsRjQowdwr20tOzq73+YxrD40kcHbjWDgOwMA==",
      "dev": true,
      "requires": {
        "@types/jquery": "2.0.48"
      }
    },
    "@types/fastclick": {
      "version": "1.0.28",
      "resolved": "https://registry.npmjs.org/@types/fastclick/-/fastclick-1.0.28.tgz",
      "integrity": "sha1-20s/bweSNTJLJkM44in5zdmKbE4=",
      "dev": true
    },
    "@types/jquery": {
      "version": "2.0.48",
      "resolved": "https://registry.npmjs.org/@types/jquery/-/jquery-2.0.48.tgz",
      "integrity": "sha512-nNLzUrVjaRV/Ds1eHZLYTd7IZxs38cwwLSaqMJj8OTXY8xNUbxSK69bi9cMLvQ7dm/IBeQ1wHwQ0S1uYa0rd2w==",
      "dev": true
    },
    "@types/lodash": {
      "version": "4.14.86",
      "resolved": "https://registry.npmjs.org/@types/lodash/-/lodash-4.14.86.tgz",
      "integrity": "sha512-DIiC7xZkI+iqwb6A28+JDfrioxcFRHAUXl+AEZ9lULQppiArWRfex4ugVUAJKZHxcgqZJ1w2de2DTahVyrEp4Q==",
      "dev": true
    },
    "@types/modernizr": {
      "version": "3.5.1",
      "resolved": "https://registry.npmjs.org/@types/modernizr/-/modernizr-3.5.1.tgz",
      "integrity": "sha512-uy5CpaKQCX+UmIhFDUBpQ7P23p15hyC+hyKJnxMSzIZrWlJuqVbMqpQOgHzUNEq+v8akqPvIHgQZ9w7yQ6ihZQ==",
      "dev": true
    },
    "@types/moment": {
      "version": "2.13.0",
      "resolved": "https://registry.npmjs.org/@types/moment/-/moment-2.13.0.tgz",
      "integrity": "sha1-YE69GJvDvDShVIaJQE5hoqSqyJY=",
      "dev": true,
      "requires": {
        "moment": "2.19.3"
      }
    },
    "@types/nprogress": {
      "version": "0.0.29",
      "resolved": "https://registry.npmjs.org/@types/nprogress/-/nprogress-0.0.29.tgz",
      "integrity": "sha1-BgvVEAIqAF8YQCNAMNMTL7kZVHE=",
      "dev": true
    },
    "@types/rx": {
      "version": "4.1.1",
      "resolved": "https://registry.npmjs.org/@types/rx/-/rx-4.1.1.tgz",
      "integrity": "sha1-WY/JSla67ZdfGUV04PVy/Y5iekg=",
      "dev": true,
      "requires": {
        "@types/rx-core": "4.0.3",
        "@types/rx-core-binding": "4.0.4",
        "@types/rx-lite": "4.0.5",
        "@types/rx-lite-aggregates": "4.0.3",
        "@types/rx-lite-async": "4.0.2",
        "@types/rx-lite-backpressure": "4.0.3",
        "@types/rx-lite-coincidence": "4.0.3",
        "@types/rx-lite-experimental": "4.0.1",
        "@types/rx-lite-joinpatterns": "4.0.1",
        "@types/rx-lite-testing": "4.0.1",
        "@types/rx-lite-time": "4.0.3",
        "@types/rx-lite-virtualtime": "4.0.3"
      }
    },
    "@types/rx-core": {
      "version": "4.0.3",
      "resolved": "https://registry.npmjs.org/@types/rx-core/-/rx-core-4.0.3.tgz",
      "integrity": "sha1-CzNUsSOM7b4rdPYybxOdvHpZHWA=",
      "dev": true
    },
    "@types/rx-core-binding": {
      "version": "4.0.4",
      "resolved": "https://registry.npmjs.org/@types/rx-core-binding/-/rx-core-binding-4.0.4.tgz",
      "integrity": "sha512-5pkfxnC4w810LqBPUwP5bg7SFR/USwhMSaAeZQQbEHeBp57pjKXRlXmqpMrLJB4y1oglR/c2502853uN0I+DAQ==",
      "dev": true,
      "requires": {
        "@types/rx-core": "4.0.3"
      }
    },
    "@types/rx-lite": {
      "version": "4.0.5",
      "resolved": "https://registry.npmjs.org/@types/rx-lite/-/rx-lite-4.0.5.tgz",
      "integrity": "sha512-KZk5XTR1dm/kNgBx8iVpjno6fRYtAUQWBOmj+O8j724+nk097sz4fOoHJNpCkOJUtHUurZlJC7QvSFCZHbkC+w==",
      "dev": true,
      "requires": {
        "@types/rx-core": "4.0.3",
        "@types/rx-core-binding": "4.0.4"
      }
    },
    "@types/rx-lite-aggregates": {
      "version": "4.0.3",
      "resolved": "https://registry.npmjs.org/@types/rx-lite-aggregates/-/rx-lite-aggregates-4.0.3.tgz",
      "integrity": "sha512-MAGDAHy8cRatm94FDduhJF+iNS5//jrZ/PIfm+QYw9OCeDgbymFHChM8YVIvN2zArwsRftKgE33QfRWvQk4DPg==",
      "dev": true,
      "requires": {
        "@types/rx-lite": "4.0.5"
      }
    },
    "@types/rx-lite-async": {
      "version": "4.0.2",
      "resolved": "https://registry.npmjs.org/@types/rx-lite-async/-/rx-lite-async-4.0.2.tgz",
      "integrity": "sha512-vTEv5o8l6702ZwfAM5aOeVDfUwBSDOs+ARoGmWAKQ6LOInQ8J4/zjM7ov12fuTpktUKdMQjkeCp07Vd73mPkxw==",
      "dev": true,
      "requires": {
        "@types/rx-lite": "4.0.5"
      }
    },
    "@types/rx-lite-backpressure": {
      "version": "4.0.3",
      "resolved": "https://registry.npmjs.org/@types/rx-lite-backpressure/-/rx-lite-backpressure-4.0.3.tgz",
      "integrity": "sha512-Y6aIeQCtNban5XSAF4B8dffhIKu6aAy/TXFlScHzSxh6ivfQBQw6UjxyEJxIOt3IT49YkS+siuayM2H/Q0cmgA==",
      "dev": true,
      "requires": {
        "@types/rx-lite": "4.0.5"
      }
    },
    "@types/rx-lite-coincidence": {
      "version": "4.0.3",
      "resolved": "https://registry.npmjs.org/@types/rx-lite-coincidence/-/rx-lite-coincidence-4.0.3.tgz",
      "integrity": "sha512-1VNJqzE9gALUyMGypDXZZXzR0Tt7LC9DdAZQ3Ou/Q0MubNU35agVUNXKGHKpNTba+fr8GdIdkC26bRDqtCQBeQ==",
      "dev": true,
      "requires": {
        "@types/rx-lite": "4.0.5"
      }
    },
    "@types/rx-lite-experimental": {
      "version": "4.0.1",
      "resolved": "https://registry.npmjs.org/@types/rx-lite-experimental/-/rx-lite-experimental-4.0.1.tgz",
      "integrity": "sha1-xTL1y98/LBXaFt7Ykw0bKYQCPL0=",
      "dev": true,
      "requires": {
        "@types/rx-lite": "4.0.5"
      }
    },
    "@types/rx-lite-joinpatterns": {
      "version": "4.0.1",
      "resolved": "https://registry.npmjs.org/@types/rx-lite-joinpatterns/-/rx-lite-joinpatterns-4.0.1.tgz",
      "integrity": "sha1-9w/jcFGKhDLykVjMkv+1a05K/D4=",
      "dev": true,
      "requires": {
        "@types/rx-lite": "4.0.5"
      }
    },
    "@types/rx-lite-testing": {
      "version": "4.0.1",
      "resolved": "https://registry.npmjs.org/@types/rx-lite-testing/-/rx-lite-testing-4.0.1.tgz",
      "integrity": "sha1-IbGdEfTf1v/vWp0WSOnIh5v+Iek=",
      "dev": true,
      "requires": {
        "@types/rx-lite-virtualtime": "4.0.3"
      }
    },
    "@types/rx-lite-time": {
      "version": "4.0.3",
      "resolved": "https://registry.npmjs.org/@types/rx-lite-time/-/rx-lite-time-4.0.3.tgz",
      "integrity": "sha512-ukO5sPKDRwCGWRZRqPlaAU0SKVxmWwSjiOrLhoQDoWxZWg6vyB9XLEZViKOzIO6LnTIQBlk4UylYV0rnhJLxQw==",
      "dev": true,
      "requires": {
        "@types/rx-lite": "4.0.5"
      }
    },
    "@types/rx-lite-virtualtime": {
      "version": "4.0.3",
      "resolved": "https://registry.npmjs.org/@types/rx-lite-virtualtime/-/rx-lite-virtualtime-4.0.3.tgz",
      "integrity": "sha512-3uC6sGmjpOKatZSVHI2xB1+dedgml669ZRvqxy+WqmGJDVusOdyxcKfyzjW0P3/GrCiN4nmRkLVMhPwHCc5QLg==",
      "dev": true,
      "requires": {
        "@types/rx-lite": "4.0.5"
      }
    },
    "@types/tinycolor": {
      "version": "1.1.27",
      "resolved": "https://registry.npmjs.org/@types/tinycolor/-/tinycolor-1.1.27.tgz",
      "integrity": "sha1-0B0FpoHQziiSOwIdXz11LqBHgIk=",
      "dev": true
    },
    "moment": {
      "version": "2.19.3",
      "resolved": "https://registry.npmjs.org/moment/-/moment-2.19.3.tgz",
      "integrity": "sha1-vbmdJw1tf9p4zA+6zoVeJ/59pp8=",
      "dev": true
    },
    "typescript": {
      "version": "2.6.2",
      "resolved": "https://registry.npmjs.org/typescript/-/typescript-2.6.2.tgz",
      "integrity": "sha1-PFtv1/beCRQmkCfwPAlGdY92c6Q=",
      "dev": true
    }
  }
}
